// !$*UTF8*$!
{
	archiveVersion = 1;
	classes = {
	};
	objectVersion = 46;
	objects = {

/* Begin PBXBuildFile section */
		C056621A1CFE8658007405A8 /* main.m in Sources */ = {isa = PBXBuildFile; fileRef = C05662191CFE8658007405A8 /* main.m */; };
		C056621D1CFE8658007405A8 /* AppDelegate.m in Sources */ = {isa = PBXBuildFile; fileRef = C056621C1CFE8658007405A8 /* AppDelegate.m */; };
		C05662201CFE8658007405A8 /* ViewController.m in Sources */ = {isa = PBXBuildFile; fileRef = C056621F1CFE8658007405A8 /* ViewController.m */; };
		C05662231CFE8658007405A8 /* Main.storyboard in Resources */ = {isa = PBXBuildFile; fileRef = C05662211CFE8658007405A8 /* Main.storyboard */; };
		C05662251CFE8658007405A8 /* Assets.xcassets in Resources */ = {isa = PBXBuildFile; fileRef = C05662241CFE8658007405A8 /* Assets.xcassets */; };
		C05662281CFE8658007405A8 /* LaunchScreen.storyboard in Resources */ = {isa = PBXBuildFile; fileRef = C05662261CFE8658007405A8 /* LaunchScreen.storyboard */; };
		C05662331CFE8658007405A8 /* playGIFTests.m in Sources */ = {isa = PBXBuildFile; fileRef = C05662321CFE8658007405A8 /* playGIFTests.m */; };
		C056623E1CFE8658007405A8 /* playGIFUITests.m in Sources */ = {isa = PBXBuildFile; fileRef = C056623D1CFE8658007405A8 /* playGIFUITests.m */; };
/* End PBXBuildFile section */

/* Begin PBXContainerItemProxy section */
		C056622F1CFE8658007405A8 /* PBXContainerItemProxy */ = {
			isa = PBXContainerItemProxy;
			containerPortal = C056620D1CFE8658007405A8 /* Project object */;
			proxyType = 1;
			remoteGlobalIDString = C05662141CFE8658007405A8;
			remoteInfo = playGIF;
		};
		C056623A1CFE8658007405A8 /* PBXContainerItemProxy */ = {
			isa = PBXContainerItemProxy;
			containerPortal = C056620D1CFE8658007405A8 /* Project object */;
			proxyType = 1;
			remoteGlobalIDString = C05662141CFE8658007405A8;
			remoteInfo = playGIF;
		};
/* End PBXContainerItemProxy section */

/* Begin PBXFileReference section */
		C05662151CFE8658007405A8 /* playGIF.app */ = {isa = PBXFileReference; explicitFileType = wrapper.application; includeInIndex = 0; path = playGIF.app; sourceTree = BUILT_PRODUCTS_DIR; };
		C05662191CFE8658007405A8 /* main.m */ = {isa = PBXFileReference; lastKnownFileType = sourcecode.c.objc; path = main.m; sourceTree = "<group>"; };
		C056621B1CFE8658007405A8 /* AppDelegate.h */ = {isa = PBXFileReference; lastKnownFileType = sourcecode.c.h; path = AppDelegate.h; sourceTree = "<group>"; };
		C056621C1CFE8658007405A8 /* AppDelegate.m */ = {isa = PBXFileReference; lastKnownFileType = sourcecode.c.objc; path = AppDelegate.m; sourceTree = "<group>"; };
		C056621E1CFE8658007405A8 /* ViewController.h */ = {isa = PBXFileReference; lastKnownFileType = sourcecode.c.h; path = ViewController.h; sourceTree = "<group>"; };
		C056621F1CFE8658007405A8 /* ViewController.m */ = {isa = PBXFileReference; lastKnownFileType = sourcecode.c.objc; path = ViewController.m; sourceTree = "<group>"; };
		C05662221CFE8658007405A8 /* Base */ = {isa = PBXFileReference; lastKnownFileType = file.storyboard; name = Base; path = Base.lproj/Main.storyboard; sourceTree = "<group>"; };
		C05662241CFE8658007405A8 /* Assets.xcassets */ = {isa = PBXFileReference; lastKnownFileType = folder.assetcatalog; path = Assets.xcassets; sourceTree = "<group>"; };
		C05662271CFE8658007405A8 /* Base */ = {isa = PBXFileReference; lastKnownFileType = file.storyboard; name = Base; path = Base.lproj/LaunchScreen.storyboard; sourceTree = "<group>"; };
		C05662291CFE8658007405A8 /* Info.plist */ = {isa = PBXFileReference; lastKnownFileType = text.plist.xml; path = Info.plist; sourceTree = "<group>"; };
		C056622E1CFE8658007405A8 /* playGIFTests.xctest */ = {isa = PBXFileReference; explicitFileType = wrapper.cfbundle; includeInIndex = 0; path = playGIFTests.xctest; sourceTree = BUILT_PRODUCTS_DIR; };
		C05662321CFE8658007405A8 /* playGIFTests.m */ = {isa = PBXFileReference; lastKnownFileType = sourcecode.c.objc; path = playGIFTests.m; sourceTree = "<group>"; };
		C05662341CFE8658007405A8 /* Info.plist */ = {isa = PBXFileReference; lastKnownFileType = text.plist.xml; path = Info.plist; sourceTree = "<group>"; };
		C05662391CFE8658007405A8 /* playGIFUITests.xctest */ = {isa = PBXFileReference; explicitFileType = wrapper.cfbundle; includeInIndex = 0; path = playGIFUITests.xctest; sourceTree = BUILT_PRODUCTS_DIR; };
		C056623D1CFE8658007405A8 /* playGIFUITests.m */ = {isa = PBXFileReference; lastKnownFileType = sourcecode.c.objc; path = playGIFUITests.m; sourceTree = "<group>"; };
		C056623F1CFE8658007405A8 /* Info.plist */ = {isa = PBXFileReference; lastKnownFileType = text.plist.xml; path = Info.plist; sourceTree = "<group>"; };
/* End PBXFileReference section */

/* Begin PBXFrameworksBuildPhase section */
		C05662121CFE8658007405A8 /* Frameworks */ = {
			isa = PBXFrameworksBuildPhase;
			buildActionMask = 2147483647;
			files = (
			);
			runOnlyForDeploymentPostprocessing = 0;
		};
		C056622B1CFE8658007405A8 /* Frameworks */ = {
			isa = PBXFrameworksBuildPhase;
			buildActionMask = 2147483647;
			files = (
			);
			runOnlyForDeploymentPostprocessing = 0;
		};
		C05662361CFE8658007405A8 /* Frameworks */ = {
			isa = PBXFrameworksBuildPhase;
			buildActionMask = 2147483647;
			files = (
			);
			runOnlyForDeploymentPostprocessing = 0;
		};
/* End PBXFrameworksBuildPhase section */

/* Begin PBXGroup section */
		C056620C1CFE8658007405A8 = {
			isa = PBXGroup;
			children = (
				C05662171CFE8658007405A8 /* playGIF */,
				C05662311CFE8658007405A8 /* playGIFTests */,
				C056623C1CFE8658007405A8 /* playGIFUITests */,
				C05662161CFE8658007405A8 /* Products */,
			);
			sourceTree = "<group>";
		};
		C05662161CFE8658007405A8 /* Products */ = {
			isa = PBXGroup;
			children = (
				C05662151CFE8658007405A8 /* playGIF.app */,
				C056622E1CFE8658007405A8 /* playGIFTests.xctest */,
				C05662391CFE8658007405A8 /* playGIFUITests.xctest */,
			);
			name = Products;
			sourceTree = "<group>";
		};
		C05662171CFE8658007405A8 /* playGIF */ = {
			isa = PBXGroup;
			children = (
				C056621B1CFE8658007405A8 /* AppDelegate.h */,
				C056621C1CFE8658007405A8 /* AppDelegate.m */,
				C056621E1CFE8658007405A8 /* ViewController.h */,
				C056621F1CFE8658007405A8 /* ViewController.m */,
				C05662211CFE8658007405A8 /* Main.storyboard */,
				C05662241CFE8658007405A8 /* Assets.xcassets */,
				C05662261CFE8658007405A8 /* LaunchScreen.storyboard */,
				C05662291CFE8658007405A8 /* Info.plist */,
				C05662181CFE8658007405A8 /* Supporting Files */,
			);
			path = playGIF;
			sourceTree = "<group>";
		};
		C05662181CFE8658007405A8 /* Supporting Files */ = {
			isa = PBXGroup;
			children = (
				C05662191CFE8658007405A8 /* main.m */,
			);
			name = "Supporting Files";
			sourceTree = "<group>";
		};
		C05662311CFE8658007405A8 /* playGIFTests */ = {
			isa = PBXGroup;
			children = (
				C05662321CFE8658007405A8 /* playGIFTests.m */,
				C05662341CFE8658007405A8 /* Info.plist */,
			);
			path = playGIFTests;
			sourceTree = "<group>";
		};
		C056623C1CFE8658007405A8 /* playGIFUITests */ = {
			isa = PBXGroup;
			children = (
				C056623D1CFE8658007405A8 /* playGIFUITests.m */,
				C056623F1CFE8658007405A8 /* Info.plist */,
			);
			path = playGIFUITests;
			sourceTree = "<group>";
		};
/* End PBXGroup section */

/* Begin PBXNativeTarget section */
		C05662141CFE8658007405A8 /* playGIF */ = {
			isa = PBXNativeTarget;
			buildConfigurationList = C05662421CFE8658007405A8 /* Build configuration list for PBXNativeTarget "playGIF" */;
			buildPhases = (
				C05662111CFE8658007405A8 /* Sources */,
				C05662121CFE8658007405A8 /* Frameworks */,
				C05662131CFE8658007405A8 /* Resources */,
			);
			buildRules = (
			);
			dependencies = (
			);
			name = playGIF;
			productName = playGIF;
			productReference = C05662151CFE8658007405A8 /* playGIF.app */;
			productType = "com.apple.product-type.application";
		};
		C056622D1CFE8658007405A8 /* playGIFTests */ = {
			isa = PBXNativeTarget;
			buildConfigurationList = C05662451CFE8658007405A8 /* Build configuration list for PBXNativeTarget "playGIFTests" */;
			buildPhases = (
				C056622A1CFE8658007405A8 /* Sources */,
				C056622B1CFE8658007405A8 /* Frameworks */,
				C056622C1CFE8658007405A8 /* Resources */,
			);
			buildRules = (
			);
			dependencies = (
				C05662301CFE8658007405A8 /* PBXTargetDependency */,
			);
			name = playGIFTests;
			productName = playGIFTests;
			productReference = C056622E1CFE8658007405A8 /* playGIFTests.xctest */;
			productType = "com.apple.product-type.bundle.unit-test";
		};
		C05662381CFE8658007405A8 /* playGIFUITests */ = {
			isa = PBXNativeTarget;
			buildConfigurationList = C05662481CFE8658007405A8 /* Build configuration list for PBXNativeTarget "playGIFUITests" */;
			buildPhases = (
				C05662351CFE8658007405A8 /* Sources */,
				C05662361CFE8658007405A8 /* Frameworks */,
				C05662371CFE8658007405A8 /* Resources */,
			);
			buildRules = (
			);
			dependencies = (
				C056623B1CFE8658007405A8 /* PBXTargetDependency */,
			);
			name = playGIFUITests;
			productName = playGIFUITests;
			productReference = C05662391CFE8658007405A8 /* playGIFUITests.xctest */;
			productType = "com.apple.product-type.bundle.ui-testing";
		};
/* End PBXNativeTarget section */

/* Begin PBXProject section */
		C056620D1CFE8658007405A8 /* Project object */ = {
			isa = PBXProject;
			attributes = {
				LastUpgradeCheck = 0730;
				ORGANIZATIONNAME = ligen;
				TargetAttributes = {
					C05662141CFE8658007405A8 = {
						CreatedOnToolsVersion = 7.3.1;
					};
					C056622D1CFE8658007405A8 = {
						CreatedOnToolsVersion = 7.3.1;
						TestTargetID = C05662141CFE8658007405A8;
					};
					C05662381CFE8658007405A8 = {
						CreatedOnToolsVersion = 7.3.1;
						TestTargetID = C05662141CFE8658007405A8;
					};
				};
			};
			buildConfigurationList = C05662101CFE8658007405A8 /* Build configuration list for PBXProject "playGIF" */;
			compatibilityVersion = "Xcode 3.2";
			developmentRegion = English;
			hasScannedForEncodings = 0;
			knownRegions = (
				en,
				Base,
			);
			mainGroup = C056620C1CFE8658007405A8;
			productRefGroup = C05662161CFE8658007405A8 /* Products */;
			projectDirPath = "";
			projectRoot = "";
			targets = (
				C05662141CFE8658007405A8 /* playGIF */,
				C056622D1CFE8658007405A8 /* playGIFTests */,
				C05662381CFE8658007405A8 /* playGIFUITests */,
			);
		};
/* End PBXProject section */

/* Begin PBXResourcesBuildPhase section */
		C05662131CFE8658007405A8 /* Resources */ = {
			isa = PBXResourcesBuildPhase;
			buildActionMask = 2147483647;
			files = (
				C05662281CFE8658007405A8 /* LaunchScreen.storyboard in Resources */,
				C05662251CFE8658007405A8 /* Assets.xcassets in Resources */,
				C05662231CFE8658007405A8 /* Main.storyboard in Resources */,
			);
			runOnlyForDeploymentPostprocessing = 0;
		};
		C056622C1CFE8658007405A8 /* Resources */ = {
			isa = PBXResourcesBuildPhase;
			buildActionMask = 2147483647;
			files = (
			);
			runOnlyForDeploymentPostprocessing = 0;
		};
		C05662371CFE8658007405A8 /* Resources */ = {
			isa = PBXResourcesBuildPhase;
			buildActionMask = 2147483647;
			files = (
			);
			runOnlyForDeploymentPostprocessing = 0;
		};
/* End PBXResourcesBuildPhase section */

/* Begin PBXSourcesBuildPhase section */
		C05662111CFE8658007405A8 /* Sources */ = {
			isa = PBXSourcesBuildPhase;
			buildActionMask = 2147483647;
			files = (
				C05662201CFE8658007405A8 /* ViewController.m in Sources */,
				C056621D1CFE8658007405A8 /* AppDelegate.m in Sources */,
				C056621A1CFE8658007405A8 /* main.m in Sources */,
			);
			runOnlyForDeploymentPostprocessing = 0;
		};
		C056622A1CFE8658007405A8 /* Sources */ = {
			isa = PBXSourcesBuildPhase;
			buildActionMask = 2147483647;
			files = (
				C05662331CFE8658007405A8 /* playGIFTests.m in Sources */,
			);
			runOnlyForDeploymentPostprocessing = 0;
		};
		C05662351CFE8658007405A8 /* Sources */ = {
			isa = PBXSourcesBuildPhase;
			buildActionMask = 2147483647;
			files = (
				C056623E1CFE8658007405A8 /* playGIFUITests.m in Sources */,
			);
			runOnlyForDeploymentPostprocessing = 0;
		};
/* End PBXSourcesBuildPhase section */

/* Begin PBXTargetDependency section */
		C05662301CFE8658007405A8 /* PBXTargetDependency */ = {
			isa = PBXTargetDependency;
			target = C05662141CFE8658007405A8 /* playGIF */;
			targetProxy = C056622F1CFE8658007405A8 /* PBXContainerItemProxy */;
		};
		C056623B1CFE8658007405A8 /* PBXTargetDependency */ = {
			isa = PBXTargetDependency;
			target = C05662141CFE8658007405A8 /* playGIF */;
			targetProxy = C056623A1CFE8658007405A8 /* PBXContainerItemProxy */;
		};
/* End PBXTargetDependency section */

/* Begin PBXVariantGroup section */
		C05662211CFE8658007405A8 /* Main.storyboard */ = {
			isa = PBXVariantGroup;
			children = (
				C05662221CFE8658007405A8 /* Base */,
			);
			name = Main.storyboard;
			sourceTree = "<group>";
		};
		C05662261CFE8658007405A8 /* LaunchScreen.storyboard */ = {
			isa = PBXVariantGroup;
			children = (
				C05662271CFE8658007405A8 /* Base */,
			);
			name = LaunchScreen.storyboard;
			sourceTree = "<group>";
		};
/* End PBXVariantGroup section */

/* Begin XCBuildConfiguration section */
		C05662401CFE8658007405A8 /* Debug */ = {
			isa = XCBuildConfiguration;
			buildSettings = {
				ALWAYS_SEARCH_USER_PATHS = NO;
				CLANG_ANALYZER_NONNULL = YES;
				CLANG_CXX_LANGUAGE_STANDARD = "gnu++0x";
				CLANG_CXX_LIBRARY = "libc++";
				CLANG_ENABLE_MODULES = YES;
				CLANG_ENABLE_OBJC_ARC = YES;
				CLANG_WARN_BOOL_CONVERSION = YES;
				CLANG_WARN_CONSTANT_CONVERSION = YES;
				CLANG_WARN_DIRECT_OBJC_ISA_USAGE = YES_ERROR;
				CLANG_WARN_EMPTY_BODY = YES;
				CLANG_WARN_ENUM_CONVERSION = YES;
				CLANG_WARN_INT_CONVERSION = YES;
				CLANG_WARN_OBJC_ROOT_CLASS = YES_ERROR;
				CLANG_WARN_UNREACHABLE_CODE = YES;
				CLANG_WARN__DUPLICATE_METHOD_MATCH = YES;
				"CODE_SIGN_IDENTITY[sdk=iphoneos*]" = "iPhone Developer";
				COPY_PHASE_STRIP = NO;
				DEBUG_INFORMATION_FORMAT = dwarf;
				ENABLE_STRICT_OBJC_MSGSEND = YES;
				ENABLE_TESTABILITY = YES;
				GCC_C_LANGUAGE_STANDARD = gnu99;
				GCC_DYNAMIC_NO_PIC = NO;
				GCC_NO_COMMON_BLOCKS = YES;
				GCC_OPTIMIZATION_LEVEL = 0;
				GCC_PREPROCESSOR_DEFINITIONS = (
					"DEBUG=1",
					"$(inherited)",
				);
				GCC_WARN_64_TO_32_BIT_CONVERSION = YES;
				GCC_WARN_ABOUT_RETURN_TYPE = YES_ERROR;
				GCC_WARN_UNDECLARED_SELECTOR = YES;
				GCC_WARN_UNINITIALIZED_AUTOS = YES_AGGRESSIVE;
				GCC_WARN_UNUSED_FUNCTION = YES;
				GCC_WARN_UNUSED_VARIABLE = YES;
				IPHONEOS_DEPLOYMENT_TARGET = 9.3;
				MTL_ENABLE_DEBUG_INFO = YES;
				ONLY_ACTIVE_ARCH = YES;
				SDKROOT = iphoneos;
				TARGETED_DEVICE_FAMILY = "1,2";
			};
			name = Debug;
		};
		C05662411CFE8658007405A8 /* Release */ = {
			isa = XCBuildConfiguration;
			buildSettings = {
				ALWAYS_SEARCH_USER_PATHS = NO;
				CLANG_ANALYZER_NONNULL = YES;
				CLANG_CXX_LANGUAGE_STANDARD = "gnu++0x";
				CLANG_CXX_LIBRARY = "libc++";
				CLANG_ENABLE_MODULES = YES;
				CLANG_ENABLE_OBJC_ARC = YES;
				CLANG_WARN_BOOL_CONVERSION = YES;
				CLANG_WARN_CONSTANT_CONVERSION = YES;
				CLANG_WARN_DIRECT_OBJC_ISA_USAGE = YES_ERROR;
				CLANG_WARN_EMPTY_BODY = YES;
				CLANG_WARN_ENUM_CONVERSION = YES;
				CLANG_WARN_INT_CONVERSION = YES;
				CLANG_WARN_OBJC_ROOT_CLASS = YES_ERROR;
				CLANG_WARN_UNREACHABLE_CODE = YES;
				CLANG_WARN__DUPLICATE_METHOD_MATCH = YES;
				"CODE_SIGN_IDENTITY[sdk=iphoneos*]" = "iPhone Developer";
				COPY_PHASE_STRIP = NO;
				DEBUG_INFORMATION_FORMAT = "dwarf-with-dsym";
				ENABLE_NS_ASSERTIONS = NO;
				ENABLE_STRICT_OBJC_MSGSEND = YES;
				GCC_C_LANGUAGE_STANDARD = gnu99;
				GCC_NO_COMMON_BLOCKS = YES;
				GCC_WARN_64_TO_32_BIT_CONVERSION = YES;
				GCC_WARN_ABOUT_RETURN_TYPE = YES_ERROR;
				GCC_WARN_UNDECLARED_SELECTOR = YES;
				GCC_WARN_UNINITIALIZED_AUTOS = YES_AGGRESSIVE;
				GCC_WARN_UNUSED_FUNCTION = YES;
				GCC_WARN_UNUSED_VARIABLE = YES;
				IPHONEOS_DEPLOYMENT_TARGET = 9.3;
				MTL_ENABLE_DEBUG_INFO = NO;
				SDKROOT = iphoneos;
				TARGETED_DEVICE_FAMILY = "1,2";
				VALIDATE_PRODUCT = YES;
			};
			name = Release;
		};
		C05662431CFE8658007405A8 /* Debug */ = {
			isa = XCBuildConfiguration;
			buildSettings = {
				ASSETCATALOG_COMPILER_APPICON_NAME = AppIcon;
				INFOPLIST_FILE = playGIF/Info.plist;
				LD_RUNPATH_SEARCH_PATHS = "$(inherited) @executable_path/Frameworks";
				PRODUCT_BUNDLE_IDENTIFIER = qingshanliuyun.playGIF;
				PRODUCT_NAME = "$(TARGET_NAME)";
			};
			name = Debug;
		};
		C05662441CFE8658007405A8 /* Release */ = {
			isa = XCBuildConfiguration;
			buildSettings = {
				ASSETCATALOG_COMPILER_APPICON_NAME = AppIcon;
				INFOPLIST_FILE = playGIF/Info.plist;
				LD_RUNPATH_SEARCH_PATHS = "$(inherited) @executable_path/Frameworks";
				PRODUCT_BUNDLE_IDENTIFIER = qingshanliuyun.playGIF;
				PRODUCT_NAME = "$(TARGET_NAME)";
			};
			name = Release;
		};
		C05662461CFE8658007405A8 /* Debug */ = {
			isa = XCBuildConfiguration;
			buildSettings = {
				BUNDLE_LOADER = "$(TEST_HOST)";
				INFOPLIST_FILE = playGIFTests/Info.plist;
				LD_RUNPATH_SEARCH_PATHS = "$(inherited) @executable_path/Frameworks @loader_path/Frameworks";
				PRODUCT_BUNDLE_IDENTIFIER = qingshanliuyun.playGIFTests;
				PRODUCT_NAME = "$(TARGET_NAME)";
				TEST_HOST = "$(BUILT_PRODUCTS_DIR)/playGIF.app/playGIF";
			};
			name = Debug;
		};
		C05662471CFE8658007405A8 /* Release */ = {
			isa = XCBuildConfiguration;
			buildSettings = {
				BUNDLE_LOADER = "$(TEST_HOST)";
				INFOPLIST_FILE = playGIFTests/Info.plist;
				LD_RUNPATH_SEARCH_PATHS = "$(inherited) @executable_path/Frameworks @loader_path/Frameworks";
				PRODUCT_BUNDLE_IDENTIFIER = qingshanliuyun.playGIFTests;
				PRODUCT_NAME = "$(TARGET_NAME)";
				TEST_HOST = "$(BUILT_PRODUCTS_DIR)/playGIF.app/playGIF";
			};
			name = Release;
		};
		C05662491CFE8658007405A8 /* Debug */ = {
			isa = XCBuildConfiguration;
			buildSettings = {
				INFOPLIST_FILE = playGIFUITests/Info.plist;
				LD_RUNPATH_SEARCH_PATHS = "$(inherited) @executable_path/Frameworks @loader_path/Frameworks";
				PRODUCT_BUNDLE_IDENTIFIER = qingshanliuyun.playGIFUITests;
				PRODUCT_NAME = "$(TARGET_NAME)";
				TEST_TARGET_NAME = playGIF;
			};
			name = Debug;
		};
		C056624A1CFE8658007405A8 /* Release */ = {
			isa = XCBuildConfiguration;
			buildSettings = {
				INFOPLIST_FILE = playGIFUITests/Info.plist;
				LD_RUNPATH_SEARCH_PATHS = "$(inherited) @executable_path/Frameworks @loader_path/Frameworks";
				PRODUCT_BUNDLE_IDENTIFIER = qingshanliuyun.playGIFUITests;
				PRODUCT_NAME = "$(TARGET_NAME)";
				TEST_TARGET_NAME = playGIF;
			};
			name = Release;
		};
/* End XCBuildConfiguration section */

/* Begin XCConfigurationList section */
		C05662101CFE8658007405A8 /* Build configuration list for PBXProject "playGIF" */ = {
			isa = XCConfigurationList;
			buildConfigurations = (
				C05662401CFE8658007405A8 /* Debug */,
				C05662411CFE8658007405A8 /* Release */,
			);
			defaultConfigurationIsVisible = 0;
			defaultConfigurationName = Release;
		};
		C05662421CFE8658007405A8 /* Build configuration list for PBXNativeTarget "playGIF" */ = {
			isa = XCConfigurationList;
			buildConfigurations = (
				C05662431CFE8658007405A8 /* Debug */,
				C05662441CFE8658007405A8 /* Release */,
			);
			defaultConfigurationIsVisible = 0;
		};
		C05662451CFE8658007405A8 /* Build configuration list for PBXNativeTarget "playGIFTests" */ = {
			isa = XCConfigurationList;
			buildConfigurations = (
				C05662461CFE8658007405A8 /* Debug */,
				C05662471CFE8658007405A8 /* Release */,
			);
			defaultConfigurationIsVisible = 0;
		};
		C05662481CFE8658007405A8 /* Build configuration list for PBXNativeTarget "playGIFUITests" */ = {
			isa = XCConfigurationList;
			buildConfigurations = (
				C05662491CFE8658007405A8 /* Debug */,
				C056624A1CFE8658007405A8 /* Release */,
			);
			defaultConfigurationIsVisible = 0;
		};
/* End XCConfigurationList section */
	};
	rootObject = C056620D1CFE8658007405A8 /* Project object */;
}
